
Microsoft Visual Studio Solution File, Format Version 12.00
# Visual Studio Version 17
VisualStudioVersion = 17.9.34701.34
MinimumVisualStudioVersion = 10.0.40219.1
Project("{9A19103F-16F7-4668-BE54-9A1E7A4F7556}") = "Orders.Backend", "Orders.Backend\Orders.Backend.csproj", "{CEAFADDC-5FB6-4615-A251-302DDB96045D}"
EndProject
Project("{9A19103F-16F7-4668-BE54-9A1E7A4F7556}") = "Orders.Frontend", "Orders.Frontend\Orders.Frontend.csproj", "{9502A428-0B3A-43F8-824E-244944CA7D52}"
EndProject
Project("{9A19103F-16F7-4668-BE54-9A1E7A4F7556}") = "Orders.Shared", "Orders.Shared\Orders.Shared.csproj", "{33915996-9DF1-4141-AFCB-CE3102308449}"
EndProject
Project("{9A19103F-16F7-4668-BE54-9A1E7A4F7556}") = "Orders.Tests", "Orders.Tests\Orders.Tests.csproj", "{A301719C-47B6-46CB-B426-8EBA74BF4030}"
EndProject
Global
	GlobalSection(SolutionConfigurationPlatforms) = preSolution
		Debug|Any CPU = Debug|Any CPU
		Release|Any CPU = Release|Any CPU
	EndGlobalSection
	GlobalSection(ProjectConfigurationPlatforms) = postSolution
		{CEAFADDC-5FB6-4615-A251-302DDB96045D}.Debug|Any CPU.ActiveCfg = Debug|Any CPU
		{CEAFADDC-5FB6-4615-A251-302DDB96045D}.Debug|Any CPU.Build.0 = Debug|Any CPU
		{CEAFADDC-5FB6-4615-A251-302DDB96045D}.Release|Any CPU.ActiveCfg = Release|Any CPU
		{CEAFADDC-5FB6-4615-A251-302DDB96045D}.Release|Any CPU.Build.0 = Release|Any CPU
		{9502A428-0B3A-43F8-824E-244944CA7D52}.Debug|Any CPU.ActiveCfg = Debug|Any CPU
		{9502A428-0B3A-43F8-824E-244944CA7D52}.Debug|Any CPU.Build.0 = Debug|Any CPU
		{9502A428-0B3A-43F8-824E-244944CA7D52}.Release|Any CPU.ActiveCfg = Release|Any CPU
		{9502A428-0B3A-43F8-824E-244944CA7D52}.Release|Any CPU.Build.0 = Release|Any CPU
		{33915996-9DF1-4141-AFCB-CE3102308449}.Debug|Any CPU.ActiveCfg = Debug|Any CPU
		{33915996-9DF1-4141-AFCB-CE3102308449}.Debug|Any CPU.Build.0 = Debug|Any CPU
		{33915996-9DF1-4141-AFCB-CE3102308449}.Release|Any CPU.ActiveCfg = Release|Any CPU
		{33915996-9DF1-4141-AFCB-CE3102308449}.Release|Any CPU.Build.0 = Release|Any CPU
		{A301719C-47B6-46CB-B426-8EBA74BF4030}.Debug|Any CPU.ActiveCfg = Debug|Any CPU
		{A301719C-47B6-46CB-B426-8EBA74BF4030}.Debug|Any CPU.Build.0 = Debug|Any CPU
		{A301719C-47B6-46CB-B426-8EBA74BF4030}.Release|Any CPU.ActiveCfg = Release|Any CPU
		{A301719C-47B6-46CB-B426-8EBA74BF4030}.Release|Any CPU.Build.0 = Release|Any CPU
	EndGlobalSection
	GlobalSection(SolutionProperties) = preSolution
		HideSolutionNode = FALSE
	EndGlobalSection
	GlobalSection(ExtensibilityGlobals) = postSolution
		SolutionGuid = {4BC654ED-1735-4BF1-9EF8-DC3F0C209099}
	EndGlobalSection
EndGlobal
